// !$*UTF8*$!
{
	archiveVersion = 1;
	classes = {
	};
	objectVersion = 50;
	objects = {

/* Begin PBXBuildFile section */
		11DAEAB6254761D500BD8DCE /* AppDelegate.swift in Sources */ = {isa = PBXBuildFile; fileRef = 11DAEAB5254761D500BD8DCE /* AppDelegate.swift */; };
		11DAEAB8254761D500BD8DCE /* SceneDelegate.swift in Sources */ = {isa = PBXBuildFile; fileRef = 11DAEAB7254761D500BD8DCE /* SceneDelegate.swift */; };
		11DAEABA254761D500BD8DCE /* ViewController.swift in Sources */ = {isa = PBXBuildFile; fileRef = 11DAEAB9254761D500BD8DCE /* ViewController.swift */; };
		11DAEABD254761D500BD8DCE /* Main.storyboard in Resources */ = {isa = PBXBuildFile; fileRef = 11DAEABB254761D500BD8DCE /* Main.storyboard */; };
		11DAEABF254761D600BD8DCE /* Assets.xcassets in Resources */ = {isa = PBXBuildFile; fileRef = 11DAEABE254761D600BD8DCE /* Assets.xcassets */; };
		11DAEAC2254761D600BD8DCE /* LaunchScreen.storyboard in Resources */ = {isa = PBXBuildFile; fileRef = 11DAEAC0254761D600BD8DCE /* LaunchScreen.storyboard */; };
		11DAEACB254761F200BD8DCE /* Province.swift in Sources */ = {isa = PBXBuildFile; fileRef = 11DAEACA254761F200BD8DCE /* Province.swift */; };
		11DAEACE25476B2200BD8DCE /* DetailsViewController.swift in Sources */ = {isa = PBXBuildFile; fileRef = 11DAEACD25476B2200BD8DCE /* DetailsViewController.swift */; };
		11DAEAD125476D7900BD8DCE /* ProfileViewController.swift in Sources */ = {isa = PBXBuildFile; fileRef = 11DAEAD025476D7900BD8DCE /* ProfileViewController.swift */; };
/* End PBXBuildFile section */

/* Begin PBXFileReference section */
		11DAEAB2254761D500BD8DCE /* provindo.app */ = {isa = PBXFileReference; explicitFileType = wrapper.application; includeInIndex = 0; path = provindo.app; sourceTree = BUILT_PRODUCTS_DIR; };
		11DAEAB5254761D500BD8DCE /* AppDelegate.swift */ = {isa = PBXFileReference; lastKnownFileType = sourcecode.swift; path = AppDelegate.swift; sourceTree = "<group>"; };
		11DAEAB7254761D500BD8DCE /* SceneDelegate.swift */ = {isa = PBXFileReference; lastKnownFileType = sourcecode.swift; path = SceneDelegate.swift; sourceTree = "<group>"; };
		11DAEAB9254761D500BD8DCE /* ViewController.swift */ = {isa = PBXFileReference; lastKnownFileType = sourcecode.swift; path = ViewController.swift; sourceTree = "<group>"; };
		11DAEABC254761D500BD8DCE /* Base */ = {isa = PBXFileReference; lastKnownFileType = file.storyboard; name = Base; path = Base.lproj/Main.storyboard; sourceTree = "<group>"; };
		11DAEABE254761D600BD8DCE /* Assets.xcassets */ = {isa = PBXFileReference; lastKnownFileType = folder.assetcatalog; path = Assets.xcassets; sourceTree = "<group>"; };
		11DAEAC1254761D600BD8DCE /* Base */ = {isa = PBXFileReference; lastKnownFileType = file.storyboard; name = Base; path = Base.lproj/LaunchScreen.storyboard; sourceTree = "<group>"; };
		11DAEAC3254761D600BD8DCE /* Info.plist */ = {isa = PBXFileReference; lastKnownFileType = text.plist.xml; path = Info.plist; sourceTree = "<group>"; };
		11DAEACA254761F200BD8DCE /* Province.swift */ = {isa = PBXFileReference; lastKnownFileType = sourcecode.swift; path = Province.swift; sourceTree = "<group>"; };
		11DAEACD25476B2200BD8DCE /* DetailsViewController.swift */ = {isa = PBXFileReference; lastKnownFileType = sourcecode.swift; path = DetailsViewController.swift; sourceTree = "<group>"; };
		11DAEAD025476D7900BD8DCE /* ProfileViewController.swift */ = {isa = PBXFileReference; lastKnownFileType = sourcecode.swift; path = ProfileViewController.swift; sourceTree = "<group>"; };
/* End PBXFileReference section */

/* Begin PBXFrameworksBuildPhase section */
		11DAEAAF254761D500BD8DCE /* Frameworks */ = {
			isa = PBXFrameworksBuildPhase;
			buildActionMask = 2147483647;
			files = (
			);
			runOnlyForDeploymentPostprocessing = 0;
		};
/* End PBXFrameworksBuildPhase section */

/* Begin PBXGroup section */
		11DAEAA9254761D500BD8DCE = {
			isa = PBXGroup;
			children = (
				11DAEAB4254761D500BD8DCE /* provindo */,
				11DAEAB3254761D500BD8DCE /* Products */,
			);
			sourceTree = "<group>";
		};
		11DAEAB3254761D500BD8DCE /* Products */ = {
			isa = PBXGroup;
			children = (
				11DAEAB2254761D500BD8DCE /* provindo.app */,
			);
			name = Products;
			sourceTree = "<group>";
		};
		11DAEAB4254761D500BD8DCE /* provindo */ = {
			isa = PBXGroup;
			children = (
				11DAEAB5254761D500BD8DCE /* AppDelegate.swift */,
				11DAEAB7254761D500BD8DCE /* SceneDelegate.swift */,
				11DAEAB9254761D500BD8DCE /* ViewController.swift */,
				11DAEACD25476B2200BD8DCE /* DetailsViewController.swift */,
				11DAEAD025476D7900BD8DCE /* ProfileViewController.swift */,
				11DAEACA254761F200BD8DCE /* Province.swift */,
				11DAEABB254761D500BD8DCE /* Main.storyboard */,
				11DAEABE254761D600BD8DCE /* Assets.xcassets */,
				11DAEAC0254761D600BD8DCE /* LaunchScreen.storyboard */,
				11DAEAC3254761D600BD8DCE /* Info.plist */,
			);
			path = provindo;
			sourceTree = "<group>";
		};
/* End PBXGroup section */

/* Begin PBXNativeTarget section */
		11DAEAB1254761D500BD8DCE /* provindo */ = {
			isa = PBXNativeTarget;
			buildConfigurationList = 11DAEAC6254761D600BD8DCE /* Build configuration list for PBXNativeTarget "provindo" */;
			buildPhases = (
				11DAEAAE254761D500BD8DCE /* Sources */,
				11DAEAAF254761D500BD8DCE /* Frameworks */,
				11DAEAB0254761D500BD8DCE /* Resources */,
			);
			buildRules = (
			);
			dependencies = (
			);
			name = provindo;
			productName = provindo;
			productReference = 11DAEAB2254761D500BD8DCE /* provindo.app */;
			productType = "com.apple.product-type.application";
		};
/* End PBXNativeTarget section */

/* Begin PBXProject section */
		11DAEAAA254761D500BD8DCE /* Project object */ = {
			isa = PBXProject;
			attributes = {
				LastSwiftUpdateCheck = 1210;
				LastUpgradeCheck = 1210;
				TargetAttributes = {
					11DAEAB1254761D500BD8DCE = {
						CreatedOnToolsVersion = 12.1;
					};
				};
			};
			buildConfigurationList = 11DAEAAD254761D500BD8DCE /* Build configuration list for PBXProject "provindo" */;
			compatibilityVersion = "Xcode 9.3";
			developmentRegion = en;
			hasScannedForEncodings = 0;
			knownRegions = (
				en,
				Base,
			);
			mainGroup = 11DAEAA9254761D500BD8DCE;
			productRefGroup = 11DAEAB3254761D500BD8DCE /* Products */;
			projectDirPath = "";
			projectRoot = "";
			targets = (
				11DAEAB1254761D500BD8DCE /* provindo */,
			);
		};
/* End PBXProject section */

/* Begin PBXResourcesBuildPhase section */
		11DAEAB0254761D500BD8DCE /* Resources */ = {
			isa = PBXResourcesBuildPhase;
			buildActionMask = 2147483647;
			files = (
				11DAEAC2254761D600BD8DCE /* LaunchScreen.storyboard in Resources */,
				11DAEABF254761D600BD8DCE /* Assets.xcassets in Resources */,
				11DAEABD254761D500BD8DCE /* Main.storyboard in Resources */,
			);
			runOnlyForDeploymentPostprocessing = 0;
		};
/* End PBXResourcesBuildPhase section */

/* Begin PBXSourcesBuildPhase section */
		11DAEAAE254761D500BD8DCE /* Sources */ = {
			isa = PBXSourcesBuildPhase;
			buildActionMask = 2147483647;
			files = (
				11DAEAD125476D7900BD8DCE /* ProfileViewController.swift in Sources */,
				11DAEABA254761D500BD8DCE /* ViewController.swift in Sources */,
				11DAEAB6254761D500BD8DCE /* AppDelegate.swift in Sources */,
				11DAEAB8254761D500BD8DCE /* SceneDelegate.swift in Sources */,
				11DAEACB254761F200BD8DCE /* Province.swift in Sources */,
				11DAEACE25476B2200BD8DCE /* DetailsViewController.swift in Sources */,
			);
			runOnlyForDeploymentPostprocessing = 0;
		};
/* End PBXSourcesBuildPhase section */

/* Begin PBXVariantGroup section */
		11DAEABB254761D500BD8DCE /* Main.storyboard */ = {
			isa = PBXVariantGroup;
			children = (
				11DAEABC254761D500BD8DCE /* Base */,
			);
			name = Main.storyboard;
			sourceTree = "<group>";
		};
		11DAEAC0254761D600BD8DCE /* LaunchScreen.storyboard */ = {
			isa = PBXVariantGroup;
			children = (
				11DAEAC1254761D600BD8DCE /* Base */,
			);
			name = LaunchScreen.storyboard;
			sourceTree = "<group>";
		};
/* End PBXVariantGroup section */

/* Begin XCBuildConfiguration section */
		11DAEAC4254761D600BD8DCE /* Debug */ = {
			isa = XCBuildConfiguration;
			buildSettings = {
				ALWAYS_SEARCH_USER_PATHS = NO;
				CLANG_ANALYZER_NONNULL = YES;
				CLANG_ANALYZER_NUMBER_OBJECT_CONVERSION = YES_AGGRESSIVE;
				CLANG_CXX_LANGUAGE_STANDARD = "gnu++14";
				CLANG_CXX_LIBRARY = "libc++";
				CLANG_ENABLE_MODULES = YES;
				CLANG_ENABLE_OBJC_ARC = YES;
				CLANG_ENABLE_OBJC_WEAK = YES;
				CLANG_WARN_BLOCK_CAPTURE_AUTORELEASING = YES;
				CLANG_WARN_BOOL_CONVERSION = YES;
				CLANG_WARN_COMMA = YES;
				CLANG_WARN_CONSTANT_CONVERSION = YES;
				CLANG_WARN_DEPRECATED_OBJC_IMPLEMENTATIONS = YES;
				CLANG_WARN_DIRECT_OBJC_ISA_USAGE = YES_ERROR;
				CLANG_WARN_DOCUMENTATION_COMMENTS = YES;
				CLANG_WARN_EMPTY_BODY = YES;
				CLANG_WARN_ENUM_CONVERSION = YES;
				CLANG_WARN_INFINITE_RECURSION = YES;
				CLANG_WARN_INT_CONVERSION = YES;
				CLANG_WARN_NON_LITERAL_NULL_CONVERSION = YES;
				CLANG_WARN_OBJC_IMPLICIT_RETAIN_SELF = YES;
				CLANG_WARN_OBJC_LITERAL_CONVERSION = YES;
				CLANG_WARN_OBJC_ROOT_CLASS = YES_ERROR;
				CLANG_WARN_QUOTED_INCLUDE_IN_FRAMEWORK_HEADER = YES;
				CLANG_WARN_RANGE_LOOP_ANALYSIS = YES;
				CLANG_WARN_STRICT_PROTOTYPES = YES;
				CLANG_WARN_SUSPICIOUS_MOVE = YES;
				CLANG_WARN_UNGUARDED_AVAILABILITY = YES_AGGRESSIVE;
				CLANG_WARN_UNREACHABLE_CODE = YES;
				CLANG_WARN__DUPLICATE_METHOD_MATCH = YES;
				COPY_PHASE_STRIP = NO;
				DEBUG_INFORMATION_FORMAT = dwarf;
				ENABLE_STRICT_OBJC_MSGSEND = YES;
				ENABLE_TESTABILITY = YES;
				GCC_C_LANGUAGE_STANDARD = gnu11;
				GCC_DYNAMIC_NO_PIC = NO;
				GCC_NO_COMMON_BLOCKS = YES;
				GCC_OPTIMIZATION_LEVEL = 0;
				GCC_PREPROCESSOR_DEFINITIONS = (
					"DEBUG=1",
					"$(inherited)",
				);
				GCC_WARN_64_TO_32_BIT_CONVERSION = YES;
				GCC_WARN_ABOUT_RETURN_TYPE = YES_ERROR;
				GCC_WARN_UNDECLARED_SELECTOR = YES;
				GCC_WARN_UNINITIALIZED_AUTOS = YES_AGGRESSIVE;
				GCC_WARN_UNUSED_FUNCTION = YES;
				GCC_WARN_UNUSED_VARIABLE = YES;
				IPHONEOS_DEPLOYMENT_TARGET = 14.1;
				MTL_ENABLE_DEBUG_INFO = INCLUDE_SOURCE;
				MTL_FAST_MATH = YES;
				ONLY_ACTIVE_ARCH = YES;
				SDKROOT = iphoneos;
				SWIFT_ACTIVE_COMPILATION_CONDITIONS = DEBUG;
				SWIFT_OPTIMIZATION_LEVEL = "-Onone";
			};
			name = Debug;
		};
		11DAEAC5254761D600BD8DCE /* Release */ = {
			isa = XCBuildConfiguration;
			buildSettings = {
				ALWAYS_SEARCH_USER_PATHS = NO;
				CLANG_ANALYZER_NONNULL = YES;
				CLANG_ANALYZER_NUMBER_OBJECT_CONVERSION = YES_AGGRESSIVE;
				CLANG_CXX_LANGUAGE_STANDARD = "gnu++14";
				CLANG_CXX_LIBRARY = "libc++";
				CLANG_ENABLE_MODULES = YES;
				CLANG_ENABLE_OBJC_ARC = YES;
				CLANG_ENABLE_OBJC_WEAK = YES;
				CLANG_WARN_BLOCK_CAPTURE_AUTORELEASING = YES;
				CLANG_WARN_BOOL_CONVERSION = YES;
				CLANG_WARN_COMMA = YES;
				CLANG_WARN_CONSTANT_CONVERSION = YES;
				CLANG_WARN_DEPRECATED_OBJC_IMPLEMENTATIONS = YES;
				CLANG_WARN_DIRECT_OBJC_ISA_USAGE = YES_ERROR;
				CLANG_WARN_DOCUMENTATION_COMMENTS = YES;
				CLANG_WARN_EMPTY_BODY = YES;
				CLANG_WARN_ENUM_CONVERSION = YES;
				CLANG_WARN_INFINITE_RECURSION = YES;
				CLANG_WARN_INT_CONVERSION = YES;
				CLANG_WARN_NON_LITERAL_NULL_CONVERSION = YES;
				CLANG_WARN_OBJC_IMPLICIT_RETAIN_SELF = YES;
				CLANG_WARN_OBJC_LITERAL_CONVERSION = YES;
				CLANG_WARN_OBJC_ROOT_CLASS = YES_ERROR;
				CLANG_WARN_QUOTED_INCLUDE_IN_FRAMEWORK_HEADER = YES;
				CLANG_WARN_RANGE_LOOP_ANALYSIS = YES;
				CLANG_WARN_STRICT_PROTOTYPES = YES;
				CLANG_WARN_SUSPICIOUS_MOVE = YES;
				CLANG_WARN_UNGUARDED_AVAILABILITY = YES_AGGRESSIVE;
				CLANG_WARN_UNREACHABLE_CODE = YES;
				CLANG_WARN__DUPLICATE_METHOD_MATCH = YES;
				COPY_PHASE_STRIP = NO;
				DEBUG_INFORMATION_FORMAT = "dwarf-with-dsym";
				ENABLE_NS_ASSERTIONS = NO;
				ENABLE_STRICT_OBJC_MSGSEND = YES;
				GCC_C_LANGUAGE_STANDARD = gnu11;
				GCC_NO_COMMON_BLOCKS = YES;
				GCC_WARN_64_TO_32_BIT_CONVERSION = YES;
				GCC_WARN_ABOUT_RETURN_TYPE = YES_ERROR;
				GCC_WARN_UNDECLARED_SELECTOR = YES;
				GCC_WARN_UNINITIALIZED_AUTOS = YES_AGGRESSIVE;
				GCC_WARN_UNUSED_FUNCTION = YES;
				GCC_WARN_UNUSED_VARIABLE = YES;
				IPHONEOS_DEPLOYMENT_TARGET = 14.1;
				MTL_ENABLE_DEBUG_INFO = NO;
				MTL_FAST_MATH = YES;
				SDKROOT = iphoneos;
				SWIFT_COMPILATION_MODE = wholemodule;
				SWIFT_OPTIMIZATION_LEVEL = "-O";
				VALIDATE_PRODUCT = YES;
			};
			name = Release;
		};
		11DAEAC7254761D600BD8DCE /* Debug */ = {
			isa = XCBuildConfiguration;
			buildSettings = {
				ASSETCATALOG_COMPILER_APPICON_NAME = AppIcon;
				ASSETCATALOG_COMPILER_GLOBAL_ACCENT_COLOR_NAME = AccentColor;
				CODE_SIGN_STYLE = Automatic;
				INFOPLIST_FILE = provindo/Info.plist;
				LD_RUNPATH_SEARCH_PATHS = (
					"$(inherited)",
					"@executable_path/Frameworks",
				);
				PRODUCT_BUNDLE_IDENTIFIER = com.narindraditantyo.provindo;
				PRODUCT_NAME = "$(TARGET_NAME)";
				SWIFT_VERSION = 5.0;
				TARGETED_DEVICE_FAMILY = "1,2";
			};
			name = Debug;
		};
		11DAEAC8254761D600BD8DCE /* Release */ = {
			isa = XCBuildConfiguration;
			buildSettings = {
				ASSETCATALOG_COMPILER_APPICON_NAME = AppIcon;
				ASSETCATALOG_COMPILER_GLOBAL_ACCENT_COLOR_NAME = AccentColor;
				CODE_SIGN_STYLE = Automatic;
				INFOPLIST_FILE = provindo/Info.plist;
				LD_RUNPATH_SEARCH_PATHS = (
					"$(inherited)",
					"@executable_path/Frameworks",
				);
				PRODUCT_BUNDLE_IDENTIFIER = com.narindraditantyo.provindo;
				PRODUCT_NAME = "$(TARGET_NAME)";
				SWIFT_VERSION = 5.0;
				TARGETED_DEVICE_FAMILY = "1,2";
			};
			name = Release;
		};
/* End XCBuildConfiguration section */

/* Begin XCConfigurationList section */
		11DAEAAD254761D500BD8DCE /* Build configuration list for PBXProject "provindo" */ = {
			isa = XCConfigurationList;
			buildConfigurations = (
				11DAEAC4254761D600BD8DCE /* Debug */,
				11DAEAC5254761D600BD8DCE /* Release */,
			);
			defaultConfigurationIsVisible = 0;
			defaultConfigurationName = Release;
		};
		11DAEAC6254761D600BD8DCE /* Build configuration list for PBXNativeTarget "provindo" */ = {
			isa = XCConfigurationList;
			buildConfigurations = (
				11DAEAC7254761D600BD8DCE /* Debug */,
				11DAEAC8254761D600BD8DCE /* Release */,
			);
			defaultConfigurationIsVisible = 0;
			defaultConfigurationName = Release;
		};
/* End XCConfigurationList section */
	};
	rootObject = 11DAEAAA254761D500BD8DCE /* Project object */;
}
